
Microsoft Visual Studio Solution File, Format Version 12.00
# Visual Studio Version 17
VisualStudioVersion = 17.4.33213.308
MinimumVisualStudioVersion = 10.0.40219.1
Project("{FAE04EC0-301F-11D3-BF4B-00C04F79EFBC}") = "SDtester", "SDtester\SDtester.csproj", "{7B688C09-C46F-41EE-939A-795CD97A4DCF}"
EndProject
Global
	GlobalSection(SolutionConfigurationPlatforms) = preSolution
		Debug|Any CPU = Debug|Any CPU
		Release|Any CPU = Release|Any CPU
	EndGlobalSection
	GlobalSection(ProjectConfigurationPlatforms) = postSolution
		{7B688C09-C46F-41EE-939A-795CD97A4DCF}.Debug|Any CPU.ActiveCfg = Debug|Any CPU
		{7B688C09-C46F-41EE-939A-795CD97A4DCF}.Debug|Any CPU.Build.0 = Debug|Any CPU
		{7B688C09-C46F-41EE-939A-795CD97A4DCF}.Release|Any CPU.ActiveCfg = Release|Any CPU
		{7B688C09-C46F-41EE-939A-795CD97A4DCF}.Release|Any CPU.Build.0 = Release|Any CPU
	EndGlobalSection
	GlobalSection(SolutionProperties) = preSolution
		HideSolutionNode = FALSE
	EndGlobalSection
	GlobalSection(ExtensibilityGlobals) = postSolution
		SolutionGuid = {EA0AD3F5-90BC-48F2-9AE7-45831D73194B}
	EndGlobalSection
EndGlobal
